
Microsoft Visual Studio Solution File, Format Version 12.00
# Visual Studio 15
VisualStudioVersion = 15.0.26430.16
MinimumVisualStudioVersion = 10.0.40219.1
Project("{9A19103F-16F7-4668-BE54-9A1E7A4F7556}") = "Hallmanac.CryptoHelpers", "Hallmanac.CryptoHelpers\Hallmanac.CryptoHelpers.csproj", "{C5C10124-D000-4DC4-952B-39A048DE3553}"
EndProject
Project("{FAE04EC0-301F-11D3-BF4B-00C04F79EFBC}") = "Hallmanac.CryptoHelpers_Net45.Tests", "Hallmanac.CryptoHelpers_Net45.Tests\Hallmanac.CryptoHelpers_Net45.Tests.csproj", "{0E068BEF-D556-4736-A422-5751BF4BF4CA}"
EndProject
Project("{FAE04EC0-301F-11D3-BF4B-00C04F79EFBC}") = "Hallmanac.CryptoHelpers_Net45", "Hallmanac.CryptoHelpers_Net45\Hallmanac.CryptoHelpers_Net45.csproj", "{DBF88E5D-96A1-4359-9072-69700835A63C}"
EndProject
Global
	GlobalSection(SolutionConfigurationPlatforms) = preSolution
		Debug|Any CPU = Debug|Any CPU
		Release|Any CPU = Release|Any CPU
	EndGlobalSection
	GlobalSection(ProjectConfigurationPlatforms) = postSolution
		{C5C10124-D000-4DC4-952B-39A048DE3553}.Debug|Any CPU.ActiveCfg = Debug|Any CPU
		{C5C10124-D000-4DC4-952B-39A048DE3553}.Debug|Any CPU.Build.0 = Debug|Any CPU
		{C5C10124-D000-4DC4-952B-39A048DE3553}.Release|Any CPU.ActiveCfg = Release|Any CPU
		{C5C10124-D000-4DC4-952B-39A048DE3553}.Release|Any CPU.Build.0 = Release|Any CPU
		{0E068BEF-D556-4736-A422-5751BF4BF4CA}.Debug|Any CPU.ActiveCfg = Debug|Any CPU
		{0E068BEF-D556-4736-A422-5751BF4BF4CA}.Debug|Any CPU.Build.0 = Debug|Any CPU
		{0E068BEF-D556-4736-A422-5751BF4BF4CA}.Release|Any CPU.ActiveCfg = Release|Any CPU
		{0E068BEF-D556-4736-A422-5751BF4BF4CA}.Release|Any CPU.Build.0 = Release|Any CPU
		{DBF88E5D-96A1-4359-9072-69700835A63C}.Debug|Any CPU.ActiveCfg = Debug|Any CPU
		{DBF88E5D-96A1-4359-9072-69700835A63C}.Debug|Any CPU.Build.0 = Debug|Any CPU
		{DBF88E5D-96A1-4359-9072-69700835A63C}.Release|Any CPU.ActiveCfg = Release|Any CPU
		{DBF88E5D-96A1-4359-9072-69700835A63C}.Release|Any CPU.Build.0 = Release|Any CPU
	EndGlobalSection
	GlobalSection(SolutionProperties) = preSolution
		HideSolutionNode = FALSE
	EndGlobalSection
EndGlobal
